PODS:
  - Charts (3.3.0):
    - Charts/Core (= 3.3.0)
  - Charts/Core (3.3.0)
  - PKHUD (5.3.0)
  - SnapKit (5.0.1)

DEPENDENCIES:
  - Charts
  - PKHUD (~> 5.0)
  - SnapKit (~> 5.0.0)

SPEC REPOS:
  https://github.com/CocoaPods/Specs.git:
    - Charts
    - PKHUD
    - SnapKit

SPEC CHECKSUMS:
  Charts: e0dd4cd8f257bccf98407b58183ddca8e8d5b578
  PKHUD: 98f3e4bc904b9c916f1c5bb6d765365b5357291b
  SnapKit: 97b92857e3df3a0c71833cce143274bf6ef8e5eb

PODFILE CHECKSUM: ebb83876a5ac159d6491935769a2bacb3997c41b

COCOAPODS: 1.11.2
